
Microsoft Visual Studio Solution File, Format Version 12.00
# Visual Studio Version 17
VisualStudioVersion = 17.1.32319.34
MinimumVisualStudioVersion = 10.0.40219.1
Project("{2150E333-8FDC-42A3-9474-1A3956D46DE8}") = "src", "src", "{333EB83E-CA0B-4A61-9A80-35DA8B2066B1}"
EndProject
Project("{2150E333-8FDC-42A3-9474-1A3956D46DE8}") = "test", "test", "{FD60DB43-4400-4817-9937-E575602D3868}"
EndProject
Project("{2150E333-8FDC-42A3-9474-1A3956D46DE8}") = "BuildingBlocks", "BuildingBlocks", "{BE7641C5-E589-4B9C-809C-EB1F9E794AB5}"
EndProject
Project("{2150E333-8FDC-42A3-9474-1A3956D46DE8}") = "Services", "Services", "{8EE8D1A3-A17F-496C-8824-46338DE59370}"
EndProject
Project("{2150E333-8FDC-42A3-9474-1A3956D46DE8}") = "Clients", "Clients", "{FA590981-B3BD-41B9-83F8-1419B57AE920}"
EndProject
Project("{2150E333-8FDC-42A3-9474-1A3956D46DE8}") = "Gateways", "Gateways", "{D70F793D-6E15-465D-8013-FA69BCA6742A}"
EndProject
Project("{2150E333-8FDC-42A3-9474-1A3956D46DE8}") = "OrderService", "OrderService", "{78ED0B00-210D-42D4-8CF0-DB8917248256}"
EndProject
Project("{2150E333-8FDC-42A3-9474-1A3956D46DE8}") = "BasketService", "BasketService", "{0520DDD8-A8F8-47E9-9817-56B2763A5014}"
EndProject
Project("{2150E333-8FDC-42A3-9474-1A3956D46DE8}") = "ProductService", "ProductService", "{FF0A9148-E7AF-48FF-B19E-43523589A165}"
EndProject
Project("{2150E333-8FDC-42A3-9474-1A3956D46DE8}") = "MobileGateways", "MobileGateways", "{71943664-0C62-48B0-96BA-E549F2231847}"
EndProject
Project("{2150E333-8FDC-42A3-9474-1A3956D46DE8}") = "WebGateways", "WebGateways", "{ED538178-65CF-42D9-BFDB-AF5C2B786C01}"
EndProject
Project("{2150E333-8FDC-42A3-9474-1A3956D46DE8}") = "MvcApp", "MvcApp", "{D62A9920-4FCC-41B4-B0E1-6994729C5816}"
EndProject
Project("{2150E333-8FDC-42A3-9474-1A3956D46DE8}") = "BlazorApp", "BlazorApp", "{14BBA674-51EE-40F7-99E4-233293C5105B}"
EndProject
Project("{2150E333-8FDC-42A3-9474-1A3956D46DE8}") = "SendGrid", "SendGrid", "{BCE83D84-0CE7-42C3-8D73-37FF4DA791B0}"
EndProject
Project("{2150E333-8FDC-42A3-9474-1A3956D46DE8}") = "Twilio", "Twilio", "{05546D46-F813-4361-B477-95CFA286626B}"
EndProject
Project("{2150E333-8FDC-42A3-9474-1A3956D46DE8}") = "EFCore", "EFCore", "{3A1A1728-5F33-4E8E-8118-5F6A1EDBBBFF}"
EndProject
Project("{FAE04EC0-301F-11D3-BF4B-00C04F79EFBC}") = "OrderService.API", "src\Services\OrderService\OrderService.API\OrderService.API.csproj", "{4EEEA169-E169-428E-AAC8-F249C172BE08}"
EndProject
Project("{FAE04EC0-301F-11D3-BF4B-00C04F79EFBC}") = "OrderService.Domain", "src\Services\OrderService\OrderService.Domain\OrderService.Domain.csproj", "{AE70C174-19F3-4453-8C5C-AE57A9A91404}"
EndProject
Project("{FAE04EC0-301F-11D3-BF4B-00C04F79EFBC}") = "OrderService.Application", "src\Services\OrderService\OrderService.Application\OrderService.Application.csproj", "{9BFD53A8-BA73-4AC9-A128-369D6C0D9C3D}"
EndProject
Project("{FAE04EC0-301F-11D3-BF4B-00C04F79EFBC}") = "OrderService.Infrastructure", "src\Services\OrderService\OrderService.Infrastructure\OrderService.Infrastructure.csproj", "{B72990E6-09CE-4B74-AF20-F5E7FFAF0F87}"
EndProject
Project("{FAE04EC0-301F-11D3-BF4B-00C04F79EFBC}") = "BasketService.API", "src\Services\BasketService\BasketService.API\BasketService.API.csproj", "{F0FF8F5F-2A94-4DB2-A2B6-CD034099A46C}"
EndProject
Project("{FAE04EC0-301F-11D3-BF4B-00C04F79EFBC}") = "ProductService.API", "src\Services\ProductService\ProductService.API\ProductService.API.csproj", "{D5D64818-75B7-4C15-BF6F-41E4EDF2E092}"
EndProject
Project("{2150E333-8FDC-42A3-9474-1A3956D46DE8}") = "IdentityService", "IdentityService", "{C1F0C648-70A6-47DA-9B38-0A4A1555591F}"
EndProject
Project("{FAE04EC0-301F-11D3-BF4B-00C04F79EFBC}") = "IdentityService.API", "src\Services\IdentityService\IdentityService.API\IdentityService.API.csproj", "{6685A643-A164-4289-8498-8CA23479D3BA}"
EndProject
Project("{FAE04EC0-301F-11D3-BF4B-00C04F79EFBC}") = "WebGateways.WebApiGateway", "src\Gateways\WebGateways\WebGateways.WebApiGateway\WebGateways.WebApiGateway.csproj", "{39953861-9025-4EBC-9537-EA59256206B8}"
EndProject
Project("{FAE04EC0-301F-11D3-BF4B-00C04F79EFBC}") = "MvcApp.ECommerce", "src\Clients\MvcApp\MvcApp.ECommerce\MvcApp.ECommerce.csproj", "{FDC1A6FC-41C6-460E-847A-65FC0D2627C2}"
EndProject
Project("{FAE04EC0-301F-11D3-BF4B-00C04F79EFBC}") = "EFCore", "src\BuildingBlocks\EFCore\EFCore\EFCore.csproj", "{C373D3FE-6503-44BE-80FF-16451D072B8E}"
EndProject
Project("{2150E333-8FDC-42A3-9474-1A3956D46DE8}") = "BuildingBlocks", "BuildingBlocks", "{B88D5229-8CD4-4239-BE69-D280010D543A}"
EndProject
Project("{2150E333-8FDC-42A3-9474-1A3956D46DE8}") = "EFCore", "EFCore", "{0F694C90-2C8B-4EDF-966E-535316AB8574}"
EndProject
Project("{FAE04EC0-301F-11D3-BF4B-00C04F79EFBC}") = "EFCore.XUnit", "test\BuildingBlocks\EFCore\EFCore.XUnit\EFCore.XUnit.csproj", "{F2D8ABBE-4550-4266-8B95-F1991F0FBF5D}"
EndProject
Global
	GlobalSection(SolutionConfigurationPlatforms) = preSolution
		Debug|Any CPU = Debug|Any CPU
		Release|Any CPU = Release|Any CPU
	EndGlobalSection
	GlobalSection(ProjectConfigurationPlatforms) = postSolution
		{4EEEA169-E169-428E-AAC8-F249C172BE08}.Debug|Any CPU.ActiveCfg = Debug|Any CPU
		{4EEEA169-E169-428E-AAC8-F249C172BE08}.Debug|Any CPU.Build.0 = Debug|Any CPU
		{4EEEA169-E169-428E-AAC8-F249C172BE08}.Release|Any CPU.ActiveCfg = Release|Any CPU
		{4EEEA169-E169-428E-AAC8-F249C172BE08}.Release|Any CPU.Build.0 = Release|Any CPU
		{AE70C174-19F3-4453-8C5C-AE57A9A91404}.Debug|Any CPU.ActiveCfg = Debug|Any CPU
		{AE70C174-19F3-4453-8C5C-AE57A9A91404}.Debug|Any CPU.Build.0 = Debug|Any CPU
		{AE70C174-19F3-4453-8C5C-AE57A9A91404}.Release|Any CPU.ActiveCfg = Release|Any CPU
		{AE70C174-19F3-4453-8C5C-AE57A9A91404}.Release|Any CPU.Build.0 = Release|Any CPU
		{9BFD53A8-BA73-4AC9-A128-369D6C0D9C3D}.Debug|Any CPU.ActiveCfg = Debug|Any CPU
		{9BFD53A8-BA73-4AC9-A128-369D6C0D9C3D}.Debug|Any CPU.Build.0 = Debug|Any CPU
		{9BFD53A8-BA73-4AC9-A128-369D6C0D9C3D}.Release|Any CPU.ActiveCfg = Release|Any CPU
		{9BFD53A8-BA73-4AC9-A128-369D6C0D9C3D}.Release|Any CPU.Build.0 = Release|Any CPU
		{B72990E6-09CE-4B74-AF20-F5E7FFAF0F87}.Debug|Any CPU.ActiveCfg = Debug|Any CPU
		{B72990E6-09CE-4B74-AF20-F5E7FFAF0F87}.Debug|Any CPU.Build.0 = Debug|Any CPU
		{B72990E6-09CE-4B74-AF20-F5E7FFAF0F87}.Release|Any CPU.ActiveCfg = Release|Any CPU
		{B72990E6-09CE-4B74-AF20-F5E7FFAF0F87}.Release|Any CPU.Build.0 = Release|Any CPU
		{F0FF8F5F-2A94-4DB2-A2B6-CD034099A46C}.Debug|Any CPU.ActiveCfg = Debug|Any CPU
		{F0FF8F5F-2A94-4DB2-A2B6-CD034099A46C}.Debug|Any CPU.Build.0 = Debug|Any CPU
		{F0FF8F5F-2A94-4DB2-A2B6-CD034099A46C}.Release|Any CPU.ActiveCfg = Release|Any CPU
		{F0FF8F5F-2A94-4DB2-A2B6-CD034099A46C}.Release|Any CPU.Build.0 = Release|Any CPU
		{D5D64818-75B7-4C15-BF6F-41E4EDF2E092}.Debug|Any CPU.ActiveCfg = Debug|Any CPU
		{D5D64818-75B7-4C15-BF6F-41E4EDF2E092}.Debug|Any CPU.Build.0 = Debug|Any CPU
		{D5D64818-75B7-4C15-BF6F-41E4EDF2E092}.Release|Any CPU.ActiveCfg = Release|Any CPU
		{D5D64818-75B7-4C15-BF6F-41E4EDF2E092}.Release|Any CPU.Build.0 = Release|Any CPU
		{6685A643-A164-4289-8498-8CA23479D3BA}.Debug|Any CPU.ActiveCfg = Debug|Any CPU
		{6685A643-A164-4289-8498-8CA23479D3BA}.Debug|Any CPU.Build.0 = Debug|Any CPU
		{6685A643-A164-4289-8498-8CA23479D3BA}.Release|Any CPU.ActiveCfg = Release|Any CPU
		{6685A643-A164-4289-8498-8CA23479D3BA}.Release|Any CPU.Build.0 = Release|Any CPU
		{39953861-9025-4EBC-9537-EA59256206B8}.Debug|Any CPU.ActiveCfg = Debug|Any CPU
		{39953861-9025-4EBC-9537-EA59256206B8}.Debug|Any CPU.Build.0 = Debug|Any CPU
		{39953861-9025-4EBC-9537-EA59256206B8}.Release|Any CPU.ActiveCfg = Release|Any CPU
		{39953861-9025-4EBC-9537-EA59256206B8}.Release|Any CPU.Build.0 = Release|Any CPU
		{FDC1A6FC-41C6-460E-847A-65FC0D2627C2}.Debug|Any CPU.ActiveCfg = Debug|Any CPU
		{FDC1A6FC-41C6-460E-847A-65FC0D2627C2}.Debug|Any CPU.Build.0 = Debug|Any CPU
		{FDC1A6FC-41C6-460E-847A-65FC0D2627C2}.Release|Any CPU.ActiveCfg = Release|Any CPU
		{FDC1A6FC-41C6-460E-847A-65FC0D2627C2}.Release|Any CPU.Build.0 = Release|Any CPU
		{C373D3FE-6503-44BE-80FF-16451D072B8E}.Debug|Any CPU.ActiveCfg = Debug|Any CPU
		{C373D3FE-6503-44BE-80FF-16451D072B8E}.Debug|Any CPU.Build.0 = Debug|Any CPU
		{C373D3FE-6503-44BE-80FF-16451D072B8E}.Release|Any CPU.ActiveCfg = Release|Any CPU
		{C373D3FE-6503-44BE-80FF-16451D072B8E}.Release|Any CPU.Build.0 = Release|Any CPU
		{F2D8ABBE-4550-4266-8B95-F1991F0FBF5D}.Debug|Any CPU.ActiveCfg = Debug|Any CPU
		{F2D8ABBE-4550-4266-8B95-F1991F0FBF5D}.Debug|Any CPU.Build.0 = Debug|Any CPU
		{F2D8ABBE-4550-4266-8B95-F1991F0FBF5D}.Release|Any CPU.ActiveCfg = Release|Any CPU
		{F2D8ABBE-4550-4266-8B95-F1991F0FBF5D}.Release|Any CPU.Build.0 = Release|Any CPU
	EndGlobalSection
	GlobalSection(SolutionProperties) = preSolution
		HideSolutionNode = FALSE
	EndGlobalSection
	GlobalSection(NestedProjects) = preSolution
		{BE7641C5-E589-4B9C-809C-EB1F9E794AB5} = {333EB83E-CA0B-4A61-9A80-35DA8B2066B1}
		{8EE8D1A3-A17F-496C-8824-46338DE59370} = {333EB83E-CA0B-4A61-9A80-35DA8B2066B1}
		{FA590981-B3BD-41B9-83F8-1419B57AE920} = {333EB83E-CA0B-4A61-9A80-35DA8B2066B1}
		{D70F793D-6E15-465D-8013-FA69BCA6742A} = {333EB83E-CA0B-4A61-9A80-35DA8B2066B1}
		{78ED0B00-210D-42D4-8CF0-DB8917248256} = {8EE8D1A3-A17F-496C-8824-46338DE59370}
		{0520DDD8-A8F8-47E9-9817-56B2763A5014} = {8EE8D1A3-A17F-496C-8824-46338DE59370}
		{FF0A9148-E7AF-48FF-B19E-43523589A165} = {8EE8D1A3-A17F-496C-8824-46338DE59370}
		{71943664-0C62-48B0-96BA-E549F2231847} = {D70F793D-6E15-465D-8013-FA69BCA6742A}
		{ED538178-65CF-42D9-BFDB-AF5C2B786C01} = {D70F793D-6E15-465D-8013-FA69BCA6742A}
		{D62A9920-4FCC-41B4-B0E1-6994729C5816} = {FA590981-B3BD-41B9-83F8-1419B57AE920}
		{14BBA674-51EE-40F7-99E4-233293C5105B} = {FA590981-B3BD-41B9-83F8-1419B57AE920}
		{BCE83D84-0CE7-42C3-8D73-37FF4DA791B0} = {BE7641C5-E589-4B9C-809C-EB1F9E794AB5}
		{05546D46-F813-4361-B477-95CFA286626B} = {BE7641C5-E589-4B9C-809C-EB1F9E794AB5}
		{3A1A1728-5F33-4E8E-8118-5F6A1EDBBBFF} = {BE7641C5-E589-4B9C-809C-EB1F9E794AB5}
		{4EEEA169-E169-428E-AAC8-F249C172BE08} = {78ED0B00-210D-42D4-8CF0-DB8917248256}
		{AE70C174-19F3-4453-8C5C-AE57A9A91404} = {78ED0B00-210D-42D4-8CF0-DB8917248256}
		{9BFD53A8-BA73-4AC9-A128-369D6C0D9C3D} = {78ED0B00-210D-42D4-8CF0-DB8917248256}
		{B72990E6-09CE-4B74-AF20-F5E7FFAF0F87} = {78ED0B00-210D-42D4-8CF0-DB8917248256}
		{F0FF8F5F-2A94-4DB2-A2B6-CD034099A46C} = {0520DDD8-A8F8-47E9-9817-56B2763A5014}
		{D5D64818-75B7-4C15-BF6F-41E4EDF2E092} = {FF0A9148-E7AF-48FF-B19E-43523589A165}
		{C1F0C648-70A6-47DA-9B38-0A4A1555591F} = {8EE8D1A3-A17F-496C-8824-46338DE59370}
		{6685A643-A164-4289-8498-8CA23479D3BA} = {C1F0C648-70A6-47DA-9B38-0A4A1555591F}
		{39953861-9025-4EBC-9537-EA59256206B8} = {ED538178-65CF-42D9-BFDB-AF5C2B786C01}
		{FDC1A6FC-41C6-460E-847A-65FC0D2627C2} = {D62A9920-4FCC-41B4-B0E1-6994729C5816}
		{C373D3FE-6503-44BE-80FF-16451D072B8E} = {3A1A1728-5F33-4E8E-8118-5F6A1EDBBBFF}
		{B88D5229-8CD4-4239-BE69-D280010D543A} = {FD60DB43-4400-4817-9937-E575602D3868}
		{0F694C90-2C8B-4EDF-966E-535316AB8574} = {B88D5229-8CD4-4239-BE69-D280010D543A}
		{F2D8ABBE-4550-4266-8B95-F1991F0FBF5D} = {0F694C90-2C8B-4EDF-966E-535316AB8574}
	EndGlobalSection
	GlobalSection(ExtensibilityGlobals) = postSolution
		SolutionGuid = {D0497633-B52B-4F57-BAFD-AB812658618A}
	EndGlobalSection
EndGlobal
